
Microsoft Visual Studio Solution File, Format Version 12.00
# Visual Studio Version 16
VisualStudioVersion = 16.0.30204.135
MinimumVisualStudioVersion = 10.0.40219.1
Project("{FAE04EC0-301F-11D3-BF4B-00C04F79EFBC}") = "Group2_TaiXe_Test", "Group2_TaiXe_Test\Group2_TaiXe_Test.csproj", "{8211A200-21F9-4A34-A6AF-BF84195BE8CC}"
EndProject
Global
	GlobalSection(SolutionConfigurationPlatforms) = preSolution
		Debug|Any CPU = Debug|Any CPU
		Release|Any CPU = Release|Any CPU
	EndGlobalSection
	GlobalSection(ProjectConfigurationPlatforms) = postSolution
		{8211A200-21F9-4A34-A6AF-BF84195BE8CC}.Debug|Any CPU.ActiveCfg = Debug|Any CPU
		{8211A200-21F9-4A34-A6AF-BF84195BE8CC}.Debug|Any CPU.Build.0 = Debug|Any CPU
		{8211A200-21F9-4A34-A6AF-BF84195BE8CC}.Release|Any CPU.ActiveCfg = Release|Any CPU
		{8211A200-21F9-4A34-A6AF-BF84195BE8CC}.Release|Any CPU.Build.0 = Release|Any CPU
	EndGlobalSection
	GlobalSection(SolutionProperties) = preSolution
		HideSolutionNode = FALSE
	EndGlobalSection
	GlobalSection(ExtensibilityGlobals) = postSolution
		SolutionGuid = {9C6421C5-741D-40EA-ACBC-AA84E60CC6A2}
	EndGlobalSection
EndGlobal
